// !$*UTF8*$!
{
	archiveVersion = 1;
	classes = {
	};
	objectVersion = 56;
	objects = {

/* Begin PBXBuildFile section */
		5863A8E729FD77CE00727C2B /* drinks.swift in Sources */ = {isa = PBXBuildFile; fileRef = 5863A8E629FD77CE00727C2B /* drinks.swift */; };
		5863A8E929FD9BA400727C2B /* date.swift in Sources */ = {isa = PBXBuildFile; fileRef = 5863A8E829FD9BA400727C2B /* date.swift */; };
		58CB3E7F29FCF6CC007E3550 /* Record.swift in Sources */ = {isa = PBXBuildFile; fileRef = 58CB3E7E29FCF6CC007E3550 /* Record.swift */; };
		58CB3E8129FD0A7C007E3550 /* DateValue.swift in Sources */ = {isa = PBXBuildFile; fileRef = 58CB3E8029FD0A7C007E3550 /* DateValue.swift */; };
		58CB3EA529FD73DE007E3550 /* Record_Water.swift in Sources */ = {isa = PBXBuildFile; fileRef = 58CB3EA429FD73DE007E3550 /* Record_Water.swift */; };
		58CB3EA729FD75E1007E3550 /* chart.swift in Sources */ = {isa = PBXBuildFile; fileRef = 58CB3EA629FD75E0007E3550 /* chart.swift */; };
		A1F8FF1229E4A01300296207 /* WaterApp.swift in Sources */ = {isa = PBXBuildFile; fileRef = A1F8FF1129E4A01300296207 /* WaterApp.swift */; };
		A1F8FF1429E4A01300296207 /* ContentView.swift in Sources */ = {isa = PBXBuildFile; fileRef = A1F8FF1329E4A01300296207 /* ContentView.swift */; };
		A1F8FF1629E4A01400296207 /* Assets.xcassets in Resources */ = {isa = PBXBuildFile; fileRef = A1F8FF1529E4A01400296207 /* Assets.xcassets */; };
		A1F8FF1929E4A01400296207 /* Preview Assets.xcassets in Resources */ = {isa = PBXBuildFile; fileRef = A1F8FF1829E4A01400296207 /* Preview Assets.xcassets */; };
		A1F8FF2429E4A0AD00296207 /* Home.swift in Sources */ = {isa = PBXBuildFile; fileRef = A1F8FF2229E4A0AD00296207 /* Home.swift */; };
		A1F8FF2529E4A0AD00296207 /* Water.swift in Sources */ = {isa = PBXBuildFile; fileRef = A1F8FF2329E4A0AD00296207 /* Water.swift */; };
		A1F8FF2729E4A18000296207 /* Sport.swift in Sources */ = {isa = PBXBuildFile; fileRef = A1F8FF2629E4A18000296207 /* Sport.swift */; };
		A1F8FF2929E4A3FE00296207 /* SportWater.swift in Sources */ = {isa = PBXBuildFile; fileRef = A1F8FF2829E4A3FE00296207 /* SportWater.swift */; };
		A1F8FF2C29E4AA8A00296207 /* Setting.swift in Sources */ = {isa = PBXBuildFile; fileRef = A1F8FF2B29E4AA8A00296207 /* Setting.swift */; };
/* End PBXBuildFile section */

/* Begin PBXFileReference section */
		5863A8E629FD77CE00727C2B /* drinks.swift */ = {isa = PBXFileReference; lastKnownFileType = sourcecode.swift; path = drinks.swift; sourceTree = "<group>"; };
		5863A8E829FD9BA400727C2B /* date.swift */ = {isa = PBXFileReference; lastKnownFileType = sourcecode.swift; path = date.swift; sourceTree = "<group>"; };
		58CB3E7E29FCF6CC007E3550 /* Record.swift */ = {isa = PBXFileReference; lastKnownFileType = sourcecode.swift; path = Record.swift; sourceTree = "<group>"; };
		58CB3E8029FD0A7C007E3550 /* DateValue.swift */ = {isa = PBXFileReference; lastKnownFileType = sourcecode.swift; path = DateValue.swift; sourceTree = "<group>"; };
		58CB3EA429FD73DE007E3550 /* Record_Water.swift */ = {isa = PBXFileReference; lastKnownFileType = sourcecode.swift; path = Record_Water.swift; sourceTree = "<group>"; };
		58CB3EA629FD75E0007E3550 /* chart.swift */ = {isa = PBXFileReference; lastKnownFileType = sourcecode.swift; path = chart.swift; sourceTree = "<group>"; };
		A1F8FF0E29E4A01300296207 /* Water.app */ = {isa = PBXFileReference; explicitFileType = wrapper.application; includeInIndex = 0; path = Water.app; sourceTree = BUILT_PRODUCTS_DIR; };
		A1F8FF1129E4A01300296207 /* WaterApp.swift */ = {isa = PBXFileReference; lastKnownFileType = sourcecode.swift; path = WaterApp.swift; sourceTree = "<group>"; };
		A1F8FF1329E4A01300296207 /* ContentView.swift */ = {isa = PBXFileReference; lastKnownFileType = sourcecode.swift; path = ContentView.swift; sourceTree = "<group>"; };
		A1F8FF1529E4A01400296207 /* Assets.xcassets */ = {isa = PBXFileReference; lastKnownFileType = folder.assetcatalog; path = Assets.xcassets; sourceTree = "<group>"; };
		A1F8FF1829E4A01400296207 /* Preview Assets.xcassets */ = {isa = PBXFileReference; lastKnownFileType = folder.assetcatalog; path = "Preview Assets.xcassets"; sourceTree = "<group>"; };
		A1F8FF2229E4A0AD00296207 /* Home.swift */ = {isa = PBXFileReference; fileEncoding = 4; lastKnownFileType = sourcecode.swift; path = Home.swift; sourceTree = "<group>"; };
		A1F8FF2329E4A0AD00296207 /* Water.swift */ = {isa = PBXFileReference; fileEncoding = 4; lastKnownFileType = sourcecode.swift; path = Water.swift; sourceTree = "<group>"; };
		A1F8FF2629E4A18000296207 /* Sport.swift */ = {isa = PBXFileReference; lastKnownFileType = sourcecode.swift; path = Sport.swift; sourceTree = "<group>"; };
		A1F8FF2829E4A3FE00296207 /* SportWater.swift */ = {isa = PBXFileReference; lastKnownFileType = sourcecode.swift; path = SportWater.swift; sourceTree = "<group>"; };
		A1F8FF2A29E4A71F00296207 /* Water.entitlements */ = {isa = PBXFileReference; lastKnownFileType = text.plist.entitlements; path = Water.entitlements; sourceTree = "<group>"; };
		A1F8FF2B29E4AA8A00296207 /* Setting.swift */ = {isa = PBXFileReference; lastKnownFileType = sourcecode.swift; path = Setting.swift; sourceTree = "<group>"; };
		A1F8FF2D29E4ADF100296207 /* Info.plist */ = {isa = PBXFileReference; lastKnownFileType = text.plist; path = Info.plist; sourceTree = "<group>"; };
/* End PBXFileReference section */

/* Begin PBXFrameworksBuildPhase section */
		A1F8FF0B29E4A01300296207 /* Frameworks */ = {
			isa = PBXFrameworksBuildPhase;
			buildActionMask = 2147483647;
			files = (
			);
			runOnlyForDeploymentPostprocessing = 0;
		};
/* End PBXFrameworksBuildPhase section */

/* Begin PBXGroup section */
		A1F8FF0529E4A01300296207 = {
			isa = PBXGroup;
			children = (
				A1F8FF1029E4A01300296207 /* Water */,
				A1F8FF0F29E4A01300296207 /* Products */,
			);
			sourceTree = "<group>";
		};
		A1F8FF0F29E4A01300296207 /* Products */ = {
			isa = PBXGroup;
			children = (
				A1F8FF0E29E4A01300296207 /* Water.app */,
			);
			name = Products;
			sourceTree = "<group>";
		};
		A1F8FF1029E4A01300296207 /* Water */ = {
			isa = PBXGroup;
			children = (
				A1F8FF2D29E4ADF100296207 /* Info.plist */,
				A1F8FF2A29E4A71F00296207 /* Water.entitlements */,
				A1F8FF2129E4A0AD00296207 /* View */,
				A1F8FF1129E4A01300296207 /* WaterApp.swift */,
				A1F8FF1529E4A01400296207 /* Assets.xcassets */,
				A1F8FF1729E4A01400296207 /* Preview Content */,
			);
			path = Water;
			sourceTree = "<group>";
		};
		A1F8FF1729E4A01400296207 /* Preview Content */ = {
			isa = PBXGroup;
			children = (
				A1F8FF1829E4A01400296207 /* Preview Assets.xcassets */,
			);
			path = "Preview Content";
			sourceTree = "<group>";
		};
		A1F8FF2129E4A0AD00296207 /* View */ = {
			isa = PBXGroup;
			children = (
				A1F8FF2229E4A0AD00296207 /* Home.swift */,
				A1F8FF2329E4A0AD00296207 /* Water.swift */,
				A1F8FF2629E4A18000296207 /* Sport.swift */,
				A1F8FF2829E4A3FE00296207 /* SportWater.swift */,
				A1F8FF2B29E4AA8A00296207 /* Setting.swift */,
				58CB3E7E29FCF6CC007E3550 /* Record.swift */,
				58CB3E8029FD0A7C007E3550 /* DateValue.swift */,
				A1F8FF1329E4A01300296207 /* ContentView.swift */,
				58CB3EA629FD75E0007E3550 /* chart.swift */,
				58CB3EA429FD73DE007E3550 /* Record_Water.swift */,
				5863A8E629FD77CE00727C2B /* drinks.swift */,
				5863A8E829FD9BA400727C2B /* date.swift */,
			);
			path = View;
			sourceTree = "<group>";
		};
/* End PBXGroup section */

/* Begin PBXNativeTarget section */
		A1F8FF0D29E4A01300296207 /* Water */ = {
			isa = PBXNativeTarget;
			buildConfigurationList = A1F8FF1C29E4A01400296207 /* Build configuration list for PBXNativeTarget "Water" */;
			buildPhases = (
				A1F8FF0A29E4A01300296207 /* Sources */,
				A1F8FF0B29E4A01300296207 /* Frameworks */,
				A1F8FF0C29E4A01300296207 /* Resources */,
			);
			buildRules = (
			);
			dependencies = (
			);
			name = Water;
			productName = Water;
			productReference = A1F8FF0E29E4A01300296207 /* Water.app */;
			productType = "com.apple.product-type.application";
		};
/* End PBXNativeTarget section */

/* Begin PBXProject section */
		A1F8FF0629E4A01300296207 /* Project object */ = {
			isa = PBXProject;
			attributes = {
				BuildIndependentTargetsInParallel = 1;
				LastSwiftUpdateCheck = 1430;
				LastUpgradeCheck = 1430;
				TargetAttributes = {
					A1F8FF0D29E4A01300296207 = {
						CreatedOnToolsVersion = 14.3;
					};
				};
			};
			buildConfigurationList = A1F8FF0929E4A01300296207 /* Build configuration list for PBXProject "Water" */;
			compatibilityVersion = "Xcode 14.0";
			developmentRegion = en;
			hasScannedForEncodings = 0;
			knownRegions = (
				en,
				Base,
			);
			mainGroup = A1F8FF0529E4A01300296207;
			productRefGroup = A1F8FF0F29E4A01300296207 /* Products */;
			projectDirPath = "";
			projectRoot = "";
			targets = (
				A1F8FF0D29E4A01300296207 /* Water */,
			);
		};
/* End PBXProject section */

/* Begin PBXResourcesBuildPhase section */
		A1F8FF0C29E4A01300296207 /* Resources */ = {
			isa = PBXResourcesBuildPhase;
			buildActionMask = 2147483647;
			files = (
				A1F8FF1929E4A01400296207 /* Preview Assets.xcassets in Resources */,
				A1F8FF1629E4A01400296207 /* Assets.xcassets in Resources */,
			);
			runOnlyForDeploymentPostprocessing = 0;
		};
/* End PBXResourcesBuildPhase section */

/* Begin PBXSourcesBuildPhase section */
		A1F8FF0A29E4A01300296207 /* Sources */ = {
			isa = PBXSourcesBuildPhase;
			buildActionMask = 2147483647;
			files = (
				A1F8FF2429E4A0AD00296207 /* Home.swift in Sources */,
				58CB3E7F29FCF6CC007E3550 /* Record.swift in Sources */,
				58CB3E8129FD0A7C007E3550 /* DateValue.swift in Sources */,
				A1F8FF2729E4A18000296207 /* Sport.swift in Sources */,
				58CB3EA729FD75E1007E3550 /* chart.swift in Sources */,
				A1F8FF2929E4A3FE00296207 /* SportWater.swift in Sources */,
				A1F8FF2529E4A0AD00296207 /* Water.swift in Sources */,
				A1F8FF2C29E4AA8A00296207 /* Setting.swift in Sources */,
				58CB3EA529FD73DE007E3550 /* Record_Water.swift in Sources */,
				A1F8FF1429E4A01300296207 /* ContentView.swift in Sources */,
				5863A8E729FD77CE00727C2B /* drinks.swift in Sources */,
				5863A8E929FD9BA400727C2B /* date.swift in Sources */,
				A1F8FF1229E4A01300296207 /* WaterApp.swift in Sources */,
			);
			runOnlyForDeploymentPostprocessing = 0;
		};
/* End PBXSourcesBuildPhase section */

/* Begin XCBuildConfiguration section */
		A1F8FF1A29E4A01400296207 /* Debug */ = {
			isa = XCBuildConfiguration;
			buildSettings = {
				ALWAYS_SEARCH_USER_PATHS = NO;
				CLANG_ANALYZER_NONNULL = YES;
				CLANG_ANALYZER_NUMBER_OBJECT_CONVERSION = YES_AGGRESSIVE;
				CLANG_CXX_LANGUAGE_STANDARD = "gnu++20";
				CLANG_ENABLE_MODULES = YES;
				CLANG_ENABLE_OBJC_ARC = YES;
				CLANG_ENABLE_OBJC_WEAK = YES;
				CLANG_WARN_BLOCK_CAPTURE_AUTORELEASING = YES;
				CLANG_WARN_BOOL_CONVERSION = YES;
				CLANG_WARN_COMMA = YES;
				CLANG_WARN_CONSTANT_CONVERSION = YES;
				CLANG_WARN_DEPRECATED_OBJC_IMPLEMENTATIONS = YES;
				CLANG_WARN_DIRECT_OBJC_ISA_USAGE = YES_ERROR;
				CLANG_WARN_DOCUMENTATION_COMMENTS = YES;
				CLANG_WARN_EMPTY_BODY = YES;
				CLANG_WARN_ENUM_CONVERSION = YES;
				CLANG_WARN_INFINITE_RECURSION = YES;
				CLANG_WARN_INT_CONVERSION = YES;
				CLANG_WARN_NON_LITERAL_NULL_CONVERSION = YES;
				CLANG_WARN_OBJC_IMPLICIT_RETAIN_SELF = YES;
				CLANG_WARN_OBJC_LITERAL_CONVERSION = YES;
				CLANG_WARN_OBJC_ROOT_CLASS = YES_ERROR;
				CLANG_WARN_QUOTED_INCLUDE_IN_FRAMEWORK_HEADER = YES;
				CLANG_WARN_RANGE_LOOP_ANALYSIS = YES;
				CLANG_WARN_STRICT_PROTOTYPES = YES;
				CLANG_WARN_SUSPICIOUS_MOVE = YES;
				CLANG_WARN_UNGUARDED_AVAILABILITY = YES_AGGRESSIVE;
				CLANG_WARN_UNREACHABLE_CODE = YES;
				CLANG_WARN__DUPLICATE_METHOD_MATCH = YES;
				COPY_PHASE_STRIP = NO;
				DEBUG_INFORMATION_FORMAT = dwarf;
				ENABLE_STRICT_OBJC_MSGSEND = YES;
				ENABLE_TESTABILITY = YES;
				GCC_C_LANGUAGE_STANDARD = gnu11;
				GCC_DYNAMIC_NO_PIC = NO;
				GCC_NO_COMMON_BLOCKS = YES;
				GCC_OPTIMIZATION_LEVEL = 0;
				GCC_PREPROCESSOR_DEFINITIONS = (
					"DEBUG=1",
					"$(inherited)",
				);
				GCC_WARN_64_TO_32_BIT_CONVERSION = YES;
				GCC_WARN_ABOUT_RETURN_TYPE = YES_ERROR;
				GCC_WARN_UNDECLARED_SELECTOR = YES;
				GCC_WARN_UNINITIALIZED_AUTOS = YES_AGGRESSIVE;
				GCC_WARN_UNUSED_FUNCTION = YES;
				GCC_WARN_UNUSED_VARIABLE = YES;
				IPHONEOS_DEPLOYMENT_TARGET = 16.4;
				MTL_ENABLE_DEBUG_INFO = INCLUDE_SOURCE;
				MTL_FAST_MATH = YES;
				ONLY_ACTIVE_ARCH = YES;
				SDKROOT = iphoneos;
				SWIFT_ACTIVE_COMPILATION_CONDITIONS = DEBUG;
				SWIFT_OPTIMIZATION_LEVEL = "-Onone";
			};
			name = Debug;
		};
		A1F8FF1B29E4A01400296207 /* Release */ = {
			isa = XCBuildConfiguration;
			buildSettings = {
				ALWAYS_SEARCH_USER_PATHS = NO;
				CLANG_ANALYZER_NONNULL = YES;
				CLANG_ANALYZER_NUMBER_OBJECT_CONVERSION = YES_AGGRESSIVE;
				CLANG_CXX_LANGUAGE_STANDARD = "gnu++20";
				CLANG_ENABLE_MODULES = YES;
				CLANG_ENABLE_OBJC_ARC = YES;
				CLANG_ENABLE_OBJC_WEAK = YES;
				CLANG_WARN_BLOCK_CAPTURE_AUTORELEASING = YES;
				CLANG_WARN_BOOL_CONVERSION = YES;
				CLANG_WARN_COMMA = YES;
				CLANG_WARN_CONSTANT_CONVERSION = YES;
				CLANG_WARN_DEPRECATED_OBJC_IMPLEMENTATIONS = YES;
				CLANG_WARN_DIRECT_OBJC_ISA_USAGE = YES_ERROR;
				CLANG_WARN_DOCUMENTATION_COMMENTS = YES;
				CLANG_WARN_EMPTY_BODY = YES;
				CLANG_WARN_ENUM_CONVERSION = YES;
				CLANG_WARN_INFINITE_RECURSION = YES;
				CLANG_WARN_INT_CONVERSION = YES;
				CLANG_WARN_NON_LITERAL_NULL_CONVERSION = YES;
				CLANG_WARN_OBJC_IMPLICIT_RETAIN_SELF = YES;
				CLANG_WARN_OBJC_LITERAL_CONVERSION = YES;
				CLANG_WARN_OBJC_ROOT_CLASS = YES_ERROR;
				CLANG_WARN_QUOTED_INCLUDE_IN_FRAMEWORK_HEADER = YES;
				CLANG_WARN_RANGE_LOOP_ANALYSIS = YES;
				CLANG_WARN_STRICT_PROTOTYPES = YES;
				CLANG_WARN_SUSPICIOUS_MOVE = YES;
				CLANG_WARN_UNGUARDED_AVAILABILITY = YES_AGGRESSIVE;
				CLANG_WARN_UNREACHABLE_CODE = YES;
				CLANG_WARN__DUPLICATE_METHOD_MATCH = YES;
				COPY_PHASE_STRIP = NO;
				DEBUG_INFORMATION_FORMAT = "dwarf-with-dsym";
				ENABLE_NS_ASSERTIONS = NO;
				ENABLE_STRICT_OBJC_MSGSEND = YES;
				GCC_C_LANGUAGE_STANDARD = gnu11;
				GCC_NO_COMMON_BLOCKS = YES;
				GCC_WARN_64_TO_32_BIT_CONVERSION = YES;
				GCC_WARN_ABOUT_RETURN_TYPE = YES_ERROR;
				GCC_WARN_UNDECLARED_SELECTOR = YES;
				GCC_WARN_UNINITIALIZED_AUTOS = YES_AGGRESSIVE;
				GCC_WARN_UNUSED_FUNCTION = YES;
				GCC_WARN_UNUSED_VARIABLE = YES;
				IPHONEOS_DEPLOYMENT_TARGET = 16.4;
				MTL_ENABLE_DEBUG_INFO = NO;
				MTL_FAST_MATH = YES;
				SDKROOT = iphoneos;
				SWIFT_COMPILATION_MODE = wholemodule;
				SWIFT_OPTIMIZATION_LEVEL = "-O";
				VALIDATE_PRODUCT = YES;
			};
			name = Release;
		};
		A1F8FF1D29E4A01400296207 /* Debug */ = {
			isa = XCBuildConfiguration;
			buildSettings = {
				ASSETCATALOG_COMPILER_APPICON_NAME = AppIcon;
				ASSETCATALOG_COMPILER_GLOBAL_ACCENT_COLOR_NAME = AccentColor;
				CODE_SIGN_ENTITLEMENTS = Water/Water.entitlements;
				CODE_SIGN_STYLE = Automatic;
				CURRENT_PROJECT_VERSION = 1;
				DEVELOPMENT_ASSET_PATHS = "\"Water/Preview Content\"";
				DEVELOPMENT_TEAM = 6Z3LZX7N42;
				ENABLE_PREVIEWS = YES;
				GENERATE_INFOPLIST_FILE = YES;
				INFOPLIST_FILE = Water/Info.plist;
				INFOPLIST_KEY_NSHealthClinicalHealthRecordsShareUsageDescription = "We request your sports data";
				INFOPLIST_KEY_NSHealthShareUsageDescription = "We request your sports data";
				INFOPLIST_KEY_NSHealthUpdateUsageDescription = "We request your sports data";
				INFOPLIST_KEY_UIApplicationSceneManifest_Generation = YES;
				INFOPLIST_KEY_UIApplicationSupportsIndirectInputEvents = YES;
				INFOPLIST_KEY_UILaunchScreen_Generation = YES;
				INFOPLIST_KEY_UISupportedInterfaceOrientations_iPad = "UIInterfaceOrientationPortrait UIInterfaceOrientationPortraitUpsideDown UIInterfaceOrientationLandscapeLeft UIInterfaceOrientationLandscapeRight";
				INFOPLIST_KEY_UISupportedInterfaceOrientations_iPhone = "UIInterfaceOrientationPortrait UIInterfaceOrientationLandscapeLeft UIInterfaceOrientationLandscapeRight";
				LD_RUNPATH_SEARCH_PATHS = (
					"$(inherited)",
					"@executable_path/Frameworks",
				);
				MARKETING_VERSION = 1.0;
				PRODUCT_BUNDLE_IDENTIFIER = com.andyyuyc.Water.Water;
				PRODUCT_NAME = "$(TARGET_NAME)";
				SWIFT_EMIT_LOC_STRINGS = YES;
				SWIFT_VERSION = 5.0;
				TARGETED_DEVICE_FAMILY = "1,2";
			};
			name = Debug;
		};
		A1F8FF1E29E4A01400296207 /* Release */ = {
			isa = XCBuildConfiguration;
			buildSettings = {
				ASSETCATALOG_COMPILER_APPICON_NAME = AppIcon;
				ASSETCATALOG_COMPILER_GLOBAL_ACCENT_COLOR_NAME = AccentColor;
				CODE_SIGN_ENTITLEMENTS = Water/Water.entitlements;
				CODE_SIGN_STYLE = Automatic;
				CURRENT_PROJECT_VERSION = 1;
				DEVELOPMENT_ASSET_PATHS = "\"Water/Preview Content\"";
				DEVELOPMENT_TEAM = 6Z3LZX7N42;
				ENABLE_PREVIEWS = YES;
				GENERATE_INFOPLIST_FILE = YES;
				INFOPLIST_FILE = Water/Info.plist;
				INFOPLIST_KEY_NSHealthClinicalHealthRecordsShareUsageDescription = "We request your sports data";
				INFOPLIST_KEY_NSHealthShareUsageDescription = "We request your sports data";
				INFOPLIST_KEY_NSHealthUpdateUsageDescription = "We request your sports data";
				INFOPLIST_KEY_UIApplicationSceneManifest_Generation = YES;
				INFOPLIST_KEY_UIApplicationSupportsIndirectInputEvents = YES;
				INFOPLIST_KEY_UILaunchScreen_Generation = YES;
				INFOPLIST_KEY_UISupportedInterfaceOrientations_iPad = "UIInterfaceOrientationPortrait UIInterfaceOrientationPortraitUpsideDown UIInterfaceOrientationLandscapeLeft UIInterfaceOrientationLandscapeRight";
				INFOPLIST_KEY_UISupportedInterfaceOrientations_iPhone = "UIInterfaceOrientationPortrait UIInterfaceOrientationLandscapeLeft UIInterfaceOrientationLandscapeRight";
				LD_RUNPATH_SEARCH_PATHS = (
					"$(inherited)",
					"@executable_path/Frameworks",
				);
				MARKETING_VERSION = 1.0;
				PRODUCT_BUNDLE_IDENTIFIER = com.andyyuyc.Water.Water;
				PRODUCT_NAME = "$(TARGET_NAME)";
				SWIFT_EMIT_LOC_STRINGS = YES;
				SWIFT_VERSION = 5.0;
				TARGETED_DEVICE_FAMILY = "1,2";
			};
			name = Release;
		};
/* End XCBuildConfiguration section */

/* Begin XCConfigurationList section */
		A1F8FF0929E4A01300296207 /* Build configuration list for PBXProject "Water" */ = {
			isa = XCConfigurationList;
			buildConfigurations = (
				A1F8FF1A29E4A01400296207 /* Debug */,
				A1F8FF1B29E4A01400296207 /* Release */,
			);
			defaultConfigurationIsVisible = 0;
			defaultConfigurationName = Release;
		};
		A1F8FF1C29E4A01400296207 /* Build configuration list for PBXNativeTarget "Water" */ = {
			isa = XCConfigurationList;
			buildConfigurations = (
				A1F8FF1D29E4A01400296207 /* Debug */,
				A1F8FF1E29E4A01400296207 /* Release */,
			);
			defaultConfigurationIsVisible = 0;
			defaultConfigurationName = Release;
		};
/* End XCConfigurationList section */
	};
	rootObject = A1F8FF0629E4A01300296207 /* Project object */;
}
